
Microsoft Visual Studio Solution File, Format Version 12.00
# Visual Studio Version 17
VisualStudioVersion = 17.10.34916.146
MinimumVisualStudioVersion = 10.0.40219.1
Project("{FAE04EC0-301F-11D3-BF4B-00C04F79EFBC}") = "Biblioteca.Backend", "Biblioteca.Backend\Biblioteca.Backend.csproj", "{3CAEE9F7-4135-44AD-996C-52314B763F4A}"
EndProject
Project("{FAE04EC0-301F-11D3-BF4B-00C04F79EFBC}") = "Biblioteca.Frontend", "Biblioteca.Frontend\Biblioteca.Frontend.csproj", "{DF6BF69C-A521-49BB-8D09-31D080C2686D}"
EndProject
Global
	GlobalSection(SolutionConfigurationPlatforms) = preSolution
		Debug|Any CPU = Debug|Any CPU
		Release|Any CPU = Release|Any CPU
	EndGlobalSection
	GlobalSection(ProjectConfigurationPlatforms) = postSolution
		{3CAEE9F7-4135-44AD-996C-52314B763F4A}.Debug|Any CPU.ActiveCfg = Debug|Any CPU
		{3CAEE9F7-4135-44AD-996C-52314B763F4A}.Debug|Any CPU.Build.0 = Debug|Any CPU
		{3CAEE9F7-4135-44AD-996C-52314B763F4A}.Release|Any CPU.ActiveCfg = Release|Any CPU
		{3CAEE9F7-4135-44AD-996C-52314B763F4A}.Release|Any CPU.Build.0 = Release|Any CPU
		{DF6BF69C-A521-49BB-8D09-31D080C2686D}.Debug|Any CPU.ActiveCfg = Debug|Any CPU
		{DF6BF69C-A521-49BB-8D09-31D080C2686D}.Debug|Any CPU.Build.0 = Debug|Any CPU
		{DF6BF69C-A521-49BB-8D09-31D080C2686D}.Release|Any CPU.ActiveCfg = Release|Any CPU
		{DF6BF69C-A521-49BB-8D09-31D080C2686D}.Release|Any CPU.Build.0 = Release|Any CPU
	EndGlobalSection
	GlobalSection(SolutionProperties) = preSolution
		HideSolutionNode = FALSE
	EndGlobalSection
	GlobalSection(ExtensibilityGlobals) = postSolution
		SolutionGuid = {02355998-17EF-4AF3-BC0B-CE69A6A5A5A7}
	EndGlobalSection
EndGlobal
